<?xml version="1.0" encoding="utf-8"?>
<Project ToolsVersion="4.0" xmlns="http://schemas.microsoft.com/developer/msbuild/2003">
  <ItemGroup>
    <Filter Include="Source Files">
      <UniqueIdentifier>{4FC737F1-C7A5-4376-A066-2A32D752A2FF}</UniqueIdentifier>
      <Extensions>cpp;c;cc;cxx;def;odl;idl;hpj;bat;asm;asmx</Extensions>
    </Filter>
    <Filter Include="Header Files">
      <UniqueIdentifier>{93995380-89BD-4b04-88EB-625FBE52EBFB}</UniqueIdentifier>
      <Extensions>h;hh;hpp;hxx;hm;inl;inc;ipp;xsd</Extensions>
    </Filter>
    <Filter Include="Resource Files">
      <UniqueIdentifier>{67DA6AB6-F800-4c08-8B7A-83BB121AAD01}</UniqueIdentifier>
      <Extensions>rc;ico;cur;bmp;dlg;rc2;rct;bin;rgs;gif;jpg;jpeg;jpe;resx;tiff;tif;png;wav;mfcribbon-ms</Extensions>
    </Filter>
  </ItemGroup>
  <ItemGroup>
    <ClCompile Include="src/Aircraft.cpp">
      <Filter>Source Files</Filter>
    </ClCompile>
    <ClCompile Include="src/Animation.cpp">
      <Filter>Source Files</Filter>
    </ClCompile>
    <ClCompile Include="src/Application.cpp">
      <Filter>Source Files</Filter>
    </ClCompile>
    <ClCompile Include="src/BloomEffect.cpp">
      <Filter>Source Files</Filter>
    </ClCompile>
    <ClCompile Include="src/Button.cpp">
      <Filter>Source Files</Filter>
    </ClCompile>
    <ClCompile Include="src/Command.cpp">
      <Filter>Source Files</Filter>
    </ClCompile>
    <ClCompile Include="src/CommandQueue.cpp">
      <Filter>Source Files</Filter>
    </ClCompile>
    <ClCompile Include="src/Component.cpp">
      <Filter>Source Files</Filter>
    </ClCompile>
    <ClCompile Include="src/Container.cpp">
      <Filter>Source Files</Filter>
    </ClCompile>
    <ClCompile Include="src/DataTables.cpp">
      <Filter>Source Files</Filter>
    </ClCompile>
    <ClCompile Include="src/EmitterNode.cpp">
      <Filter>Source Files</Filter>
    </ClCompile>
    <ClCompile Include="src/Entity.cpp">
      <Filter>Source Files</Filter>
    </ClCompile>
    <ClCompile Include="src/GameOverState.cpp">
      <Filter>Source Files</Filter>
    </ClCompile>
    <ClCompile Include="src/GameState.cpp">
      <Filter>Source Files</Filter>
    </ClCompile>
    <ClCompile Include="src/Label.cpp">
      <Filter>Source Files</Filter>
    </ClCompile>
    <ClCompile Include="src/Main.cpp">
      <Filter>Source Files</Filter>
    </ClCompile>
    <ClCompile Include="src/MenuState.cpp">
      <Filter>Source Files</Filter>
    </ClCompile>
    <ClCompile Include="src/MusicPlayer.cpp">
      <Filter>Source Files</Filter>
    </ClCompile>
    <ClCompile Include="src/ParticleNode.cpp">
      <Filter>Source Files</Filter>
    </ClCompile>
    <ClCompile Include="src/PauseState.cpp">
      <Filter>Source Files</Filter>
    </ClCompile>
    <ClCompile Include="src/Pickup.cpp">
      <Filter>Source Files</Filter>
    </ClCompile>
    <ClCompile Include="src/Player.cpp">
      <Filter>Source Files</Filter>
    </ClCompile>
    <ClCompile Include="src/PostEffect.cpp">
      <Filter>Source Files</Filter>
    </ClCompile>
    <ClCompile Include="src/Projectile.cpp">
      <Filter>Source Files</Filter>
    </ClCompile>
    <ClCompile Include="src/SceneNode.cpp">
      <Filter>Source Files</Filter>
    </ClCompile>
    <ClCompile Include="src/SettingsState.cpp">
      <Filter>Source Files</Filter>
    </ClCompile>
    <ClCompile Include="src/SoundNode.cpp">
      <Filter>Source Files</Filter>
    </ClCompile>
    <ClCompile Include="src/SoundPlayer.cpp">
      <Filter>Source Files</Filter>
    </ClCompile>
    <ClCompile Include="src/SpriteNode.cpp">
      <Filter>Source Files</Filter>
    </ClCompile>
    <ClCompile Include="src/State.cpp">
      <Filter>Source Files</Filter>
    </ClCompile>
    <ClCompile Include="src/StateStack.cpp">
      <Filter>Source Files</Filter>
    </ClCompile>
    <ClCompile Include="src/TextNode.cpp">
      <Filter>Source Files</Filter>
    </ClCompile>
    <ClCompile Include="src/TitleState.cpp">
      <Filter>Source Files</Filter>
    </ClCompile>
    <ClCompile Include="src/Utility.cpp">
      <Filter>Source Files</Filter>
    </ClCompile>
    <ClCompile Include="src/World.cpp">
      <Filter>Source Files</Filter>
    </ClCompile>
  </ItemGroup>
  <ItemGroup>
    <ClInclude Include="include/Entity/Aircraft.hpp">
      <Filter>Header Files</Filter>
    </ClInclude>
    <ClInclude Include="include/Animation/Animation.hpp">
      <Filter>Header Files</Filter>
    </ClInclude>
    <ClInclude Include="include/Core/Application.hpp">
      <Filter>Header Files</Filter>
    </ClInclude>
    <ClInclude Include="include/PostEffect/BloomEffect.hpp">
      <Filter>Header Files</Filter>
    </ClInclude>
    <ClInclude Include="include/Component/Button.hpp">
      <Filter>Header Files</Filter>
    </ClInclude>
    <ClInclude Include="include/Structural/Category.hpp">
      <Filter>Header Files</Filter>
    </ClInclude>
    <ClInclude Include="include/Command/Command.hpp">
      <Filter>Header Files</Filter>
    </ClInclude>
    <ClInclude Include="include/Command/CommandQueue.hpp">
      <Filter>Header Files</Filter>
    </ClInclude>
    <ClInclude Include="include/Component/Component.hpp">
      <Filter>Header Files</Filter>
    </ClInclude>
    <ClInclude Include="include/Constant/Constants.hpp">
      <Filter>Header Files</Filter>
    </ClInclude>
    <ClInclude Include="include/Component/Container.hpp">
      <Filter>Header Files</Filter>
    </ClInclude>
    <ClInclude Include="include/DataTable/DataTables.hpp">
      <Filter>Header Files</Filter>
    </ClInclude>
    <ClInclude Include="include/SceneNode/EmitterNode.hpp">
      <Filter>Header Files</Filter>
    </ClInclude>
    <ClInclude Include="include/Entity/Entity.hpp">
      <Filter>Header Files</Filter>
    </ClInclude>
    <ClInclude Include="include/State/GameOverState.hpp">
      <Filter>Header Files</Filter>
    </ClInclude>
    <ClInclude Include="include/State/GameState.hpp">
      <Filter>Header Files</Filter>
    </ClInclude>
    <ClInclude Include="include/Component/Label.hpp">
      <Filter>Header Files</Filter>
    </ClInclude>
    <ClInclude Include="include/State/MenuState.hpp">
      <Filter>Header Files</Filter>
    </ClInclude>
    <ClInclude Include="include/Audio/MusicPlayer.hpp">
      <Filter>Header Files</Filter>
    </ClInclude>
    <ClInclude Include="include/Structural/Particle.hpp">
      <Filter>Header Files</Filter>
    </ClInclude>
    <ClInclude Include="include/SceneNode/ParticleNode.hpp">
      <Filter>Header Files</Filter>
    </ClInclude>
    <ClInclude Include="include/State/PauseState.hpp">
      <Filter>Header Files</Filter>
    </ClInclude>
    <ClInclude Include="include/Entity/Pickup.hpp">
      <Filter>Header Files</Filter>
    </ClInclude>
    <ClInclude Include="include/Structural/Player.hpp">
      <Filter>Header Files</Filter>
    </ClInclude>
    <ClInclude Include="include/PostEffect/PostEffect.hpp">
      <Filter>Header Files</Filter>
    </ClInclude>
    <ClInclude Include="include/Entity/Projectile.hpp">
      <Filter>Header Files</Filter>
    </ClInclude>
    <ClInclude Include="include/Structural/ResourceHolder.hpp">
      <Filter>Header Files</Filter>
    </ClInclude>
    <ClInclude Include="include/Structural/ResourceIdentifiers.hpp">
      <Filter>Header Files</Filter>
    </ClInclude>
    <ClInclude Include="include/SceneNode/SceneNode.hpp">
      <Filter>Header Files</Filter>
    </ClInclude>
    <ClInclude Include="include/State/SettingsState.hpp">
      <Filter>Header Files</Filter>
    </ClInclude>
    <ClInclude Include="include/SceneNode/SoundNode.hpp">
      <Filter>Header Files</Filter>
    </ClInclude>
    <ClInclude Include="include/Audio/SoundPlayer.hpp">
      <Filter>Header Files</Filter>
    </ClInclude>
    <ClInclude Include="include/SceneNode/SpriteNode.hpp">
      <Filter>Header Files</Filter>
    </ClInclude>
    <ClInclude Include="include/State/State.hpp">
      <Filter>Header Files</Filter>
    </ClInclude>
    <ClInclude Include="include/State/StateIdentifiers.hpp">
      <Filter>Header Files</Filter>
    </ClInclude>
    <ClInclude Include="include/State/StateStack.hpp">
      <Filter>Header Files</Filter>
    </ClInclude>
    <ClInclude Include="include/SceneNode/TextNode.hpp">
      <Filter>Header Files</Filter>
    </ClInclude>
    <ClInclude Include="include/State/TitleState.hpp">
      <Filter>Header Files</Filter>
    </ClInclude>
    <ClInclude Include="include/Structural/Utility.hpp">
      <Filter>Header Files</Filter>
    </ClInclude>
    <ClInclude Include="include/Core/World.hpp">
      <Filter>Header Files</Filter>
    </ClInclude>
  </ItemGroup>
  <ItemGroup>
    <None Include="src/ResourceHolder.inl">
      <Filter>Header Files</Filter>
    </None>
  </ItemGroup>
</Project>